lockfileVersion: '9.0'

settings:
  autoInstallPeers: true
  excludeLinksFromLockfile: false

importers:

  .:
    devDependencies:
      undici:
        specifier: ^8.3.0
        version: 8.3.0

packages:

  undici@8.3.0:
    resolution: {integrity: sha512-TkUDgb6tl7KOGZ+7e8E3d2FYgUQgF6z5YypqjWmixVQSQERFcVrVg0ySADm2LVLRh5ljAaHTCR5Fmz3Q34rB7Q==}
    engines: {node: '>=22.19.0'}

snapshots:

  undici@8.3.0: {}
